// !$*UTF8*$!
{
	archiveVersion = 1;
	classes = {
	};
	objectVersion = 46;
	objects = {

/* Begin PBXBuildFile section */
		5336F6EE1F1EC0BC001D0F7A /* AppDelegate.swift in Sources */ = {isa = PBXBuildFile; fileRef = 5336F6ED1F1EC0BC001D0F7A /* AppDelegate.swift */; };
		5336F6F01F1EC0BC001D0F7A /* ViewController.swift in Sources */ = {isa = PBXBuildFile; fileRef = 5336F6EF1F1EC0BC001D0F7A /* ViewController.swift */; };
		5336F6F21F1EC0BC001D0F7A /* Document.swift in Sources */ = {isa = PBXBuildFile; fileRef = 5336F6F11F1EC0BC001D0F7A /* Document.swift */; };
		5336F6F41F1EC0BC001D0F7A /* Assets.xcassets in Resources */ = {isa = PBXBuildFile; fileRef = 5336F6F31F1EC0BC001D0F7A /* Assets.xcassets */; };
		5336F6F71F1EC0BC001D0F7A /* Main.storyboard in Resources */ = {isa = PBXBuildFile; fileRef = 5336F6F51F1EC0BC001D0F7A /* Main.storyboard */; };
		5336F7021F1EC0BD001D0F7A /* Variant_ReportTests.swift in Sources */ = {isa = PBXBuildFile; fileRef = 5336F7011F1EC0BD001D0F7A /* Variant_ReportTests.swift */; };
		5336F70D1F1EC0BD001D0F7A /* Variant_ReportUITests.swift in Sources */ = {isa = PBXBuildFile; fileRef = 5336F70C1F1EC0BD001D0F7A /* Variant_ReportUITests.swift */; };
		53E209EC1F1EC24700A7F9A3 /* VariantReportForm.swift in Sources */ = {isa = PBXBuildFile; fileRef = 53E209EB1F1EC24700A7F9A3 /* VariantReportForm.swift */; };
		53E20A371F1EC26400A7F9A3 /* Adler32.cs in Resources */ = {isa = PBXBuildFile; fileRef = 53E209F01F1EC26400A7F9A3 /* Adler32.cs */; };
		53E20A381F1EC26400A7F9A3 /* CRC32.cs in Resources */ = {isa = PBXBuildFile; fileRef = 53E209F11F1EC26400A7F9A3 /* CRC32.cs */; };
		53E20A391F1EC26400A7F9A3 /* IChecksum.cs in Resources */ = {isa = PBXBuildFile; fileRef = 53E209F21F1EC26400A7F9A3 /* IChecksum.cs */; };
		53E20A3A1F1EC26400A7F9A3 /* StrangeCRC.cs in Resources */ = {isa = PBXBuildFile; fileRef = 53E209F31F1EC26400A7F9A3 /* StrangeCRC.cs */; };
		53E20A3B1F1EC26400A7F9A3 /* FileSystemScanner.cs in Resources */ = {isa = PBXBuildFile; fileRef = 53E209F51F1EC26400A7F9A3 /* FileSystemScanner.cs */; };
		53E20A3C1F1EC26400A7F9A3 /* INameTransform.cs in Resources */ = {isa = PBXBuildFile; fileRef = 53E209F61F1EC26400A7F9A3 /* INameTransform.cs */; };
		53E20A3D1F1EC26400A7F9A3 /* IScanFilter.cs in Resources */ = {isa = PBXBuildFile; fileRef = 53E209F71F1EC26400A7F9A3 /* IScanFilter.cs */; };
		53E20A3E1F1EC26400A7F9A3 /* NameFilter.cs in Resources */ = {isa = PBXBuildFile; fileRef = 53E209F81F1EC26400A7F9A3 /* NameFilter.cs */; };
		53E20A3F1F1EC26400A7F9A3 /* PathFilter.cs in Resources */ = {isa = PBXBuildFile; fileRef = 53E209F91F1EC26400A7F9A3 /* PathFilter.cs */; };
		53E20A401F1EC26400A7F9A3 /* StreamUtils.cs in Resources */ = {isa = PBXBuildFile; fileRef = 53E209FA1F1EC26400A7F9A3 /* StreamUtils.cs */; };
		53E20A411F1EC26400A7F9A3 /* WindowsPathUtils.cs in Resources */ = {isa = PBXBuildFile; fileRef = 53E209FB1F1EC26400A7F9A3 /* WindowsPathUtils.cs */; };
		53E20A421F1EC26400A7F9A3 /* GZIPConstants.cs in Resources */ = {isa = PBXBuildFile; fileRef = 53E209FD1F1EC26400A7F9A3 /* GZIPConstants.cs */; };
		53E20A431F1EC26400A7F9A3 /* GZipException.cs in Resources */ = {isa = PBXBuildFile; fileRef = 53E209FE1F1EC26400A7F9A3 /* GZipException.cs */; };
		53E20A441F1EC26400A7F9A3 /* GzipInputStream.cs in Resources */ = {isa = PBXBuildFile; fileRef = 53E209FF1F1EC26400A7F9A3 /* GzipInputStream.cs */; };
		53E20A451F1EC26400A7F9A3 /* GzipOutputStream.cs in Resources */ = {isa = PBXBuildFile; fileRef = 53E20A001F1EC26400A7F9A3 /* GzipOutputStream.cs */; };
		53E20A461F1EC26400A7F9A3 /* ICloneable.cs in Resources */ = {isa = PBXBuildFile; fileRef = 53E20A011F1EC26400A7F9A3 /* ICloneable.cs */; };
		53E20A471F1EC26400A7F9A3 /* SharpZipBaseException.cs in Resources */ = {isa = PBXBuildFile; fileRef = 53E20A021F1EC26400A7F9A3 /* SharpZipBaseException.cs */; };
		53E20A481F1EC26400A7F9A3 /* InvalidHeaderException.cs in Resources */ = {isa = PBXBuildFile; fileRef = 53E20A041F1EC26400A7F9A3 /* InvalidHeaderException.cs */; };
		53E20A491F1EC26400A7F9A3 /* TarArchive.cs in Resources */ = {isa = PBXBuildFile; fileRef = 53E20A051F1EC26400A7F9A3 /* TarArchive.cs */; };
		53E20A4A1F1EC26400A7F9A3 /* TarBuffer.cs in Resources */ = {isa = PBXBuildFile; fileRef = 53E20A061F1EC26400A7F9A3 /* TarBuffer.cs */; };
		53E20A4B1F1EC26400A7F9A3 /* TarEntry.cs in Resources */ = {isa = PBXBuildFile; fileRef = 53E20A071F1EC26400A7F9A3 /* TarEntry.cs */; };
		53E20A4C1F1EC26400A7F9A3 /* TarException.cs in Resources */ = {isa = PBXBuildFile; fileRef = 53E20A081F1EC26400A7F9A3 /* TarException.cs */; };
		53E20A4D1F1EC26400A7F9A3 /* TarHeader.cs in Resources */ = {isa = PBXBuildFile; fileRef = 53E20A091F1EC26400A7F9A3 /* TarHeader.cs */; };
		53E20A4E1F1EC26400A7F9A3 /* TarInputStream.cs in Resources */ = {isa = PBXBuildFile; fileRef = 53E20A0A1F1EC26400A7F9A3 /* TarInputStream.cs */; };
		53E20A4F1F1EC26400A7F9A3 /* TarOutputStream.cs in Resources */ = {isa = PBXBuildFile; fileRef = 53E20A0B1F1EC26400A7F9A3 /* TarOutputStream.cs */; };
		53E20A501F1EC26400A7F9A3 /* Deflater.cs in Resources */ = {isa = PBXBuildFile; fileRef = 53E20A0E1F1EC26400A7F9A3 /* Deflater.cs */; };
		53E20A511F1EC26400A7F9A3 /* DeflaterConstants.cs in Resources */ = {isa = PBXBuildFile; fileRef = 53E20A0F1F1EC26400A7F9A3 /* DeflaterConstants.cs */; };
		53E20A521F1EC26400A7F9A3 /* DeflaterEngine.cs in Resources */ = {isa = PBXBuildFile; fileRef = 53E20A101F1EC26400A7F9A3 /* DeflaterEngine.cs */; };
		53E20A531F1EC26400A7F9A3 /* DeflaterHuffman.cs in Resources */ = {isa = PBXBuildFile; fileRef = 53E20A111F1EC26400A7F9A3 /* DeflaterHuffman.cs */; };
		53E20A541F1EC26400A7F9A3 /* DeflaterPending.cs in Resources */ = {isa = PBXBuildFile; fileRef = 53E20A121F1EC26400A7F9A3 /* DeflaterPending.cs */; };
		53E20A551F1EC26400A7F9A3 /* Inflater.cs in Resources */ = {isa = PBXBuildFile; fileRef = 53E20A131F1EC26400A7F9A3 /* Inflater.cs */; };
		53E20A561F1EC26400A7F9A3 /* InflaterDynHeader.cs in Resources */ = {isa = PBXBuildFile; fileRef = 53E20A141F1EC26400A7F9A3 /* InflaterDynHeader.cs */; };
		53E20A571F1EC26400A7F9A3 /* InflaterHuffmanTree.cs in Resources */ = {isa = PBXBuildFile; fileRef = 53E20A151F1EC26400A7F9A3 /* InflaterHuffmanTree.cs */; };
		53E20A581F1EC26400A7F9A3 /* PendingBuffer.cs in Resources */ = {isa = PBXBuildFile; fileRef = 53E20A161F1EC26400A7F9A3 /* PendingBuffer.cs */; };
		53E20A591F1EC26400A7F9A3 /* DeflaterOutputStream.cs in Resources */ = {isa = PBXBuildFile; fileRef = 53E20A181F1EC26400A7F9A3 /* DeflaterOutputStream.cs */; };
		53E20A5A1F1EC26400A7F9A3 /* InflaterInputStream.cs in Resources */ = {isa = PBXBuildFile; fileRef = 53E20A191F1EC26400A7F9A3 /* InflaterInputStream.cs */; };
		53E20A5B1F1EC26400A7F9A3 /* OutputWindow.cs in Resources */ = {isa = PBXBuildFile; fileRef = 53E20A1A1F1EC26400A7F9A3 /* OutputWindow.cs */; };
		53E20A5C1F1EC26400A7F9A3 /* StreamManipulator.cs in Resources */ = {isa = PBXBuildFile; fileRef = 53E20A1B1F1EC26400A7F9A3 /* StreamManipulator.cs */; };
		53E20A5D1F1EC26400A7F9A3 /* FastZip.cs in Resources */ = {isa = PBXBuildFile; fileRef = 53E20A1C1F1EC26400A7F9A3 /* FastZip.cs */; };
		53E20A5E1F1EC26400A7F9A3 /* IEntryFactory.cs in Resources */ = {isa = PBXBuildFile; fileRef = 53E20A1D1F1EC26400A7F9A3 /* IEntryFactory.cs */; };
		53E20A5F1F1EC26400A7F9A3 /* WindowsNameTransform.cs in Resources */ = {isa = PBXBuildFile; fileRef = 53E20A1E1F1EC26400A7F9A3 /* WindowsNameTransform.cs */; };
		53E20A601F1EC26400A7F9A3 /* ZipConstants.cs in Resources */ = {isa = PBXBuildFile; fileRef = 53E20A1F1F1EC26400A7F9A3 /* ZipConstants.cs */; };
		53E20A611F1EC26400A7F9A3 /* ZipEntry.cs in Resources */ = {isa = PBXBuildFile; fileRef = 53E20A201F1EC26400A7F9A3 /* ZipEntry.cs */; };
		53E20A621F1EC26400A7F9A3 /* ZipEntryFactory.cs in Resources */ = {isa = PBXBuildFile; fileRef = 53E20A211F1EC26400A7F9A3 /* ZipEntryFactory.cs */; };
		53E20A631F1EC26400A7F9A3 /* ZipException.cs in Resources */ = {isa = PBXBuildFile; fileRef = 53E20A221F1EC26400A7F9A3 /* ZipException.cs */; };
		53E20A641F1EC26400A7F9A3 /* ZipExtraData.cs in Resources */ = {isa = PBXBuildFile; fileRef = 53E20A231F1EC26400A7F9A3 /* ZipExtraData.cs */; };
		53E20A651F1EC26400A7F9A3 /* ZipFile.cs in Resources */ = {isa = PBXBuildFile; fileRef = 53E20A241F1EC26400A7F9A3 /* ZipFile.cs */; };
		53E20A661F1EC26400A7F9A3 /* ZipHelperStream.cs in Resources */ = {isa = PBXBuildFile; fileRef = 53E20A251F1EC26400A7F9A3 /* ZipHelperStream.cs */; };
		53E20A671F1EC26400A7F9A3 /* ZipInputStream.cs in Resources */ = {isa = PBXBuildFile; fileRef = 53E20A261F1EC26400A7F9A3 /* ZipInputStream.cs */; };
		53E20A681F1EC26400A7F9A3 /* ZipNameTransform.cs in Resources */ = {isa = PBXBuildFile; fileRef = 53E20A271F1EC26400A7F9A3 /* ZipNameTransform.cs */; };
		53E20A691F1EC26400A7F9A3 /* ZipOutputStream.cs in Resources */ = {isa = PBXBuildFile; fileRef = 53E20A281F1EC26400A7F9A3 /* ZipOutputStream.cs */; };
		53E20A6A1F1EC26400A7F9A3 /* app.conf in Resources */ = {isa = PBXBuildFile; fileRef = 53E20A291F1EC26400A7F9A3 /* app.conf */; };
		53E20A6B1F1EC26400A7F9A3 /* dna.ico in Resources */ = {isa = PBXBuildFile; fileRef = 53E20A2A1F1EC26400A7F9A3 /* dna.ico */; };
		53E20A6C1F1EC26400A7F9A3 /* Program.cs in Resources */ = {isa = PBXBuildFile; fileRef = 53E20A2B1F1EC26400A7F9A3 /* Program.cs */; };
		53E20A6D1F1EC26400A7F9A3 /* AssemblyInfo.cs in Resources */ = {isa = PBXBuildFile; fileRef = 53E20A2D1F1EC26400A7F9A3 /* AssemblyInfo.cs */; };
		53E20A6E1F1EC26400A7F9A3 /* Resources.Designer.cs in Resources */ = {isa = PBXBuildFile; fileRef = 53E20A2E1F1EC26400A7F9A3 /* Resources.Designer.cs */; };
		53E20A6F1F1EC26400A7F9A3 /* Resources.resx in Resources */ = {isa = PBXBuildFile; fileRef = 53E20A2F1F1EC26400A7F9A3 /* Resources.resx */; };
		53E20A701F1EC26400A7F9A3 /* Settings.Designer.cs in Resources */ = {isa = PBXBuildFile; fileRef = 53E20A301F1EC26400A7F9A3 /* Settings.Designer.cs */; };
		53E20A711F1EC26400A7F9A3 /* Settings.settings in Resources */ = {isa = PBXBuildFile; fileRef = 53E20A311F1EC26400A7F9A3 /* Settings.settings */; };
		53E20A721F1EC26400A7F9A3 /* Variant Report.csproj in Resources */ = {isa = PBXBuildFile; fileRef = 53E20A321F1EC26400A7F9A3 /* Variant Report.csproj */; };
		53E20A731F1EC26400A7F9A3 /* Variant Report.sln in Resources */ = {isa = PBXBuildFile; fileRef = 53E20A331F1EC26400A7F9A3 /* Variant Report.sln */; };
		53E20A741F1EC26400A7F9A3 /* VariantReportFrm.cs in Resources */ = {isa = PBXBuildFile; fileRef = 53E20A341F1EC26400A7F9A3 /* VariantReportFrm.cs */; };
		53E20A751F1EC26400A7F9A3 /* VariantReportFrm.Designer.cs in Resources */ = {isa = PBXBuildFile; fileRef = 53E20A351F1EC26400A7F9A3 /* VariantReportFrm.Designer.cs */; };
		53E20A761F1EC26400A7F9A3 /* VariantReportFrm.resx in Resources */ = {isa = PBXBuildFile; fileRef = 53E20A361F1EC26400A7F9A3 /* VariantReportFrm.resx */; };
/* End PBXBuildFile section */

/* Begin PBXContainerItemProxy section */
		5336F6FE1F1EC0BD001D0F7A /* PBXContainerItemProxy */ = {
			isa = PBXContainerItemProxy;
			containerPortal = 5336F6E21F1EC0BC001D0F7A /* Project object */;
			proxyType = 1;
			remoteGlobalIDString = 5336F6E91F1EC0BC001D0F7A;
			remoteInfo = "Variant-Report";
		};
		5336F7091F1EC0BD001D0F7A /* PBXContainerItemProxy */ = {
			isa = PBXContainerItemProxy;
			containerPortal = 5336F6E21F1EC0BC001D0F7A /* Project object */;
			proxyType = 1;
			remoteGlobalIDString = 5336F6E91F1EC0BC001D0F7A;
			remoteInfo = "Variant-Report";
		};
/* End PBXContainerItemProxy section */

/* Begin PBXFileReference section */
		5336F6EA1F1EC0BC001D0F7A /* Variant-Report.app */ = {isa = PBXFileReference; explicitFileType = wrapper.application; includeInIndex = 0; path = "Variant-Report.app"; sourceTree = BUILT_PRODUCTS_DIR; };
		5336F6ED1F1EC0BC001D0F7A /* AppDelegate.swift */ = {isa = PBXFileReference; lastKnownFileType = sourcecode.swift; path = AppDelegate.swift; sourceTree = "<group>"; };
		5336F6EF1F1EC0BC001D0F7A /* ViewController.swift */ = {isa = PBXFileReference; lastKnownFileType = sourcecode.swift; path = ViewController.swift; sourceTree = "<group>"; };
		5336F6F11F1EC0BC001D0F7A /* Document.swift */ = {isa = PBXFileReference; lastKnownFileType = sourcecode.swift; path = Document.swift; sourceTree = "<group>"; };
		5336F6F31F1EC0BC001D0F7A /* Assets.xcassets */ = {isa = PBXFileReference; lastKnownFileType = folder.assetcatalog; path = Assets.xcassets; sourceTree = "<group>"; };
		5336F6F61F1EC0BC001D0F7A /* Base */ = {isa = PBXFileReference; lastKnownFileType = file.storyboard; name = Base; path = Base.lproj/Main.storyboard; sourceTree = "<group>"; };
		5336F6F81F1EC0BC001D0F7A /* Info.plist */ = {isa = PBXFileReference; lastKnownFileType = text.plist.xml; path = Info.plist; sourceTree = "<group>"; };
		5336F6FD1F1EC0BD001D0F7A /* Variant-ReportTests.xctest */ = {isa = PBXFileReference; explicitFileType = wrapper.cfbundle; includeInIndex = 0; path = "Variant-ReportTests.xctest"; sourceTree = BUILT_PRODUCTS_DIR; };
		5336F7011F1EC0BD001D0F7A /* Variant_ReportTests.swift */ = {isa = PBXFileReference; lastKnownFileType = sourcecode.swift; path = Variant_ReportTests.swift; sourceTree = "<group>"; };
		5336F7031F1EC0BD001D0F7A /* Info.plist */ = {isa = PBXFileReference; lastKnownFileType = text.plist.xml; path = Info.plist; sourceTree = "<group>"; };
		5336F7081F1EC0BD001D0F7A /* Variant-ReportUITests.xctest */ = {isa = PBXFileReference; explicitFileType = wrapper.cfbundle; includeInIndex = 0; path = "Variant-ReportUITests.xctest"; sourceTree = BUILT_PRODUCTS_DIR; };
		5336F70C1F1EC0BD001D0F7A /* Variant_ReportUITests.swift */ = {isa = PBXFileReference; lastKnownFileType = sourcecode.swift; path = Variant_ReportUITests.swift; sourceTree = "<group>"; };
		5336F70E1F1EC0BD001D0F7A /* Info.plist */ = {isa = PBXFileReference; lastKnownFileType = text.plist.xml; path = Info.plist; sourceTree = "<group>"; };
		53E209EB1F1EC24700A7F9A3 /* VariantReportForm.swift */ = {isa = PBXFileReference; fileEncoding = 4; lastKnownFileType = sourcecode.swift; path = VariantReportForm.swift; sourceTree = "<group>"; };
		53E209F01F1EC26400A7F9A3 /* Adler32.cs */ = {isa = PBXFileReference; fileEncoding = 4; lastKnownFileType = text; path = Adler32.cs; sourceTree = "<group>"; };
		53E209F11F1EC26400A7F9A3 /* CRC32.cs */ = {isa = PBXFileReference; fileEncoding = 4; lastKnownFileType = text; path = CRC32.cs; sourceTree = "<group>"; };
		53E209F21F1EC26400A7F9A3 /* IChecksum.cs */ = {isa = PBXFileReference; fileEncoding = 4; lastKnownFileType = text; path = IChecksum.cs; sourceTree = "<group>"; };
		53E209F31F1EC26400A7F9A3 /* StrangeCRC.cs */ = {isa = PBXFileReference; fileEncoding = 4; lastKnownFileType = text; path = StrangeCRC.cs; sourceTree = "<group>"; };
		53E209F51F1EC26400A7F9A3 /* FileSystemScanner.cs */ = {isa = PBXFileReference; fileEncoding = 4; lastKnownFileType = text; path = FileSystemScanner.cs; sourceTree = "<group>"; };
		53E209F61F1EC26400A7F9A3 /* INameTransform.cs */ = {isa = PBXFileReference; fileEncoding = 4; lastKnownFileType = text; path = INameTransform.cs; sourceTree = "<group>"; };
		53E209F71F1EC26400A7F9A3 /* IScanFilter.cs */ = {isa = PBXFileReference; fileEncoding = 4; lastKnownFileType = text; path = IScanFilter.cs; sourceTree = "<group>"; };
		53E209F81F1EC26400A7F9A3 /* NameFilter.cs */ = {isa = PBXFileReference; fileEncoding = 4; lastKnownFileType = text; path = NameFilter.cs; sourceTree = "<group>"; };
		53E209F91F1EC26400A7F9A3 /* PathFilter.cs */ = {isa = PBXFileReference; fileEncoding = 4; lastKnownFileType = text; path = PathFilter.cs; sourceTree = "<group>"; };
		53E209FA1F1EC26400A7F9A3 /* StreamUtils.cs */ = {isa = PBXFileReference; fileEncoding = 4; lastKnownFileType = text; path = StreamUtils.cs; sourceTree = "<group>"; };
		53E209FB1F1EC26400A7F9A3 /* WindowsPathUtils.cs */ = {isa = PBXFileReference; fileEncoding = 4; lastKnownFileType = text; path = WindowsPathUtils.cs; sourceTree = "<group>"; };
		53E209FD1F1EC26400A7F9A3 /* GZIPConstants.cs */ = {isa = PBXFileReference; fileEncoding = 4; lastKnownFileType = text; path = GZIPConstants.cs; sourceTree = "<group>"; };
		53E209FE1F1EC26400A7F9A3 /* GZipException.cs */ = {isa = PBXFileReference; fileEncoding = 4; lastKnownFileType = text; path = GZipException.cs; sourceTree = "<group>"; };
		53E209FF1F1EC26400A7F9A3 /* GzipInputStream.cs */ = {isa = PBXFileReference; fileEncoding = 4; lastKnownFileType = text; path = GzipInputStream.cs; sourceTree = "<group>"; };
		53E20A001F1EC26400A7F9A3 /* GzipOutputStream.cs */ = {isa = PBXFileReference; fileEncoding = 4; lastKnownFileType = text; path = GzipOutputStream.cs; sourceTree = "<group>"; };
		53E20A011F1EC26400A7F9A3 /* ICloneable.cs */ = {isa = PBXFileReference; fileEncoding = 4; lastKnownFileType = text; path = ICloneable.cs; sourceTree = "<group>"; };
		53E20A021F1EC26400A7F9A3 /* SharpZipBaseException.cs */ = {isa = PBXFileReference; fileEncoding = 4; lastKnownFileType = text; path = SharpZipBaseException.cs; sourceTree = "<group>"; };
		53E20A041F1EC26400A7F9A3 /* InvalidHeaderException.cs */ = {isa = PBXFileReference; fileEncoding = 4; lastKnownFileType = text; path = InvalidHeaderException.cs; sourceTree = "<group>"; };
		53E20A051F1EC26400A7F9A3 /* TarArchive.cs */ = {isa = PBXFileReference; fileEncoding = 4; lastKnownFileType = text; path = TarArchive.cs; sourceTree = "<group>"; };
		53E20A061F1EC26400A7F9A3 /* TarBuffer.cs */ = {isa = PBXFileReference; fileEncoding = 4; lastKnownFileType = text; path = TarBuffer.cs; sourceTree = "<group>"; };
		53E20A071F1EC26400A7F9A3 /* TarEntry.cs */ = {isa = PBXFileReference; fileEncoding = 4; lastKnownFileType = text; path = TarEntry.cs; sourceTree = "<group>"; };
		53E20A081F1EC26400A7F9A3 /* TarException.cs */ = {isa = PBXFileReference; fileEncoding = 4; lastKnownFileType = text; path = TarException.cs; sourceTree = "<group>"; };
		53E20A091F1EC26400A7F9A3 /* TarHeader.cs */ = {isa = PBXFileReference; fileEncoding = 4; lastKnownFileType = text; path = TarHeader.cs; sourceTree = "<group>"; };
		53E20A0A1F1EC26400A7F9A3 /* TarInputStream.cs */ = {isa = PBXFileReference; fileEncoding = 4; lastKnownFileType = text; path = TarInputStream.cs; sourceTree = "<group>"; };
		53E20A0B1F1EC26400A7F9A3 /* TarOutputStream.cs */ = {isa = PBXFileReference; fileEncoding = 4; lastKnownFileType = text; path = TarOutputStream.cs; sourceTree = "<group>"; };
		53E20A0E1F1EC26400A7F9A3 /* Deflater.cs */ = {isa = PBXFileReference; fileEncoding = 4; lastKnownFileType = text; path = Deflater.cs; sourceTree = "<group>"; };
		53E20A0F1F1EC26400A7F9A3 /* DeflaterConstants.cs */ = {isa = PBXFileReference; fileEncoding = 4; lastKnownFileType = text; path = DeflaterConstants.cs; sourceTree = "<group>"; };
		53E20A101F1EC26400A7F9A3 /* DeflaterEngine.cs */ = {isa = PBXFileReference; fileEncoding = 4; lastKnownFileType = text; path = DeflaterEngine.cs; sourceTree = "<group>"; };
		53E20A111F1EC26400A7F9A3 /* DeflaterHuffman.cs */ = {isa = PBXFileReference; fileEncoding = 4; lastKnownFileType = text; path = DeflaterHuffman.cs; sourceTree = "<group>"; };
		53E20A121F1EC26400A7F9A3 /* DeflaterPending.cs */ = {isa = PBXFileReference; fileEncoding = 4; lastKnownFileType = text; path = DeflaterPending.cs; sourceTree = "<group>"; };
		53E20A131F1EC26400A7F9A3 /* Inflater.cs */ = {isa = PBXFileReference; fileEncoding = 4; lastKnownFileType = text; path = Inflater.cs; sourceTree = "<group>"; };
		53E20A141F1EC26400A7F9A3 /* InflaterDynHeader.cs */ = {isa = PBXFileReference; fileEncoding = 4; lastKnownFileType = text; path = InflaterDynHeader.cs; sourceTree = "<group>"; };
		53E20A151F1EC26400A7F9A3 /* InflaterHuffmanTree.cs */ = {isa = PBXFileReference; fileEncoding = 4; lastKnownFileType = text; path = InflaterHuffmanTree.cs; sourceTree = "<group>"; };
		53E20A161F1EC26400A7F9A3 /* PendingBuffer.cs */ = {isa = PBXFileReference; fileEncoding = 4; lastKnownFileType = text; path = PendingBuffer.cs; sourceTree = "<group>"; };
		53E20A181F1EC26400A7F9A3 /* DeflaterOutputStream.cs */ = {isa = PBXFileReference; fileEncoding = 4; lastKnownFileType = text; path = DeflaterOutputStream.cs; sourceTree = "<group>"; };
		53E20A191F1EC26400A7F9A3 /* InflaterInputStream.cs */ = {isa = PBXFileReference; fileEncoding = 4; lastKnownFileType = text; path = InflaterInputStream.cs; sourceTree = "<group>"; };
		53E20A1A1F1EC26400A7F9A3 /* OutputWindow.cs */ = {isa = PBXFileReference; fileEncoding = 4; lastKnownFileType = text; path = OutputWindow.cs; sourceTree = "<group>"; };
		53E20A1B1F1EC26400A7F9A3 /* StreamManipulator.cs */ = {isa = PBXFileReference; fileEncoding = 4; lastKnownFileType = text; path = StreamManipulator.cs; sourceTree = "<group>"; };
		53E20A1C1F1EC26400A7F9A3 /* FastZip.cs */ = {isa = PBXFileReference; fileEncoding = 4; lastKnownFileType = text; path = FastZip.cs; sourceTree = "<group>"; };
		53E20A1D1F1EC26400A7F9A3 /* IEntryFactory.cs */ = {isa = PBXFileReference; fileEncoding = 4; lastKnownFileType = text; path = IEntryFactory.cs; sourceTree = "<group>"; };
		53E20A1E1F1EC26400A7F9A3 /* WindowsNameTransform.cs */ = {isa = PBXFileReference; fileEncoding = 4; lastKnownFileType = text; path = WindowsNameTransform.cs; sourceTree = "<group>"; };
		53E20A1F1F1EC26400A7F9A3 /* ZipConstants.cs */ = {isa = PBXFileReference; fileEncoding = 4; lastKnownFileType = text; path = ZipConstants.cs; sourceTree = "<group>"; };
		53E20A201F1EC26400A7F9A3 /* ZipEntry.cs */ = {isa = PBXFileReference; fileEncoding = 4; lastKnownFileType = text; path = ZipEntry.cs; sourceTree = "<group>"; };
		53E20A211F1EC26400A7F9A3 /* ZipEntryFactory.cs */ = {isa = PBXFileReference; fileEncoding = 4; lastKnownFileType = text; path = ZipEntryFactory.cs; sourceTree = "<group>"; };
		53E20A221F1EC26400A7F9A3 /* ZipException.cs */ = {isa = PBXFileReference; fileEncoding = 4; lastKnownFileType = text; path = ZipException.cs; sourceTree = "<group>"; };
		53E20A231F1EC26400A7F9A3 /* ZipExtraData.cs */ = {isa = PBXFileReference; fileEncoding = 4; lastKnownFileType = text; path = ZipExtraData.cs; sourceTree = "<group>"; };
		53E20A241F1EC26400A7F9A3 /* ZipFile.cs */ = {isa = PBXFileReference; fileEncoding = 4; lastKnownFileType = text; path = ZipFile.cs; sourceTree = "<group>"; };
		53E20A251F1EC26400A7F9A3 /* ZipHelperStream.cs */ = {isa = PBXFileReference; fileEncoding = 4; lastKnownFileType = text; path = ZipHelperStream.cs; sourceTree = "<group>"; };
		53E20A261F1EC26400A7F9A3 /* ZipInputStream.cs */ = {isa = PBXFileReference; fileEncoding = 4; lastKnownFileType = text; path = ZipInputStream.cs; sourceTree = "<group>"; };
		53E20A271F1EC26400A7F9A3 /* ZipNameTransform.cs */ = {isa = PBXFileReference; fileEncoding = 4; lastKnownFileType = text; path = ZipNameTransform.cs; sourceTree = "<group>"; };
		53E20A281F1EC26400A7F9A3 /* ZipOutputStream.cs */ = {isa = PBXFileReference; fileEncoding = 4; lastKnownFileType = text; path = ZipOutputStream.cs; sourceTree = "<group>"; };
		53E20A291F1EC26400A7F9A3 /* app.conf */ = {isa = PBXFileReference; fileEncoding = 4; lastKnownFileType = text; path = app.conf; sourceTree = "<group>"; };
		53E20A2A1F1EC26400A7F9A3 /* dna.ico */ = {isa = PBXFileReference; lastKnownFileType = image.ico; path = dna.ico; sourceTree = "<group>"; };
		53E20A2B1F1EC26400A7F9A3 /* Program.cs */ = {isa = PBXFileReference; fileEncoding = 4; lastKnownFileType = text; path = Program.cs; sourceTree = "<group>"; };
		53E20A2D1F1EC26400A7F9A3 /* AssemblyInfo.cs */ = {isa = PBXFileReference; fileEncoding = 4; lastKnownFileType = text; path = AssemblyInfo.cs; sourceTree = "<group>"; };
		53E20A2E1F1EC26400A7F9A3 /* Resources.Designer.cs */ = {isa = PBXFileReference; fileEncoding = 4; lastKnownFileType = text; path = Resources.Designer.cs; sourceTree = "<group>"; };
		53E20A2F1F1EC26400A7F9A3 /* Resources.resx */ = {isa = PBXFileReference; fileEncoding = 4; lastKnownFileType = text.xml; path = Resources.resx; sourceTree = "<group>"; };
		53E20A301F1EC26400A7F9A3 /* Settings.Designer.cs */ = {isa = PBXFileReference; fileEncoding = 4; lastKnownFileType = text; path = Settings.Designer.cs; sourceTree = "<group>"; };
		53E20A311F1EC26400A7F9A3 /* Settings.settings */ = {isa = PBXFileReference; fileEncoding = 4; lastKnownFileType = text.xml; path = Settings.settings; sourceTree = "<group>"; };
		53E20A321F1EC26400A7F9A3 /* Variant Report.csproj */ = {isa = PBXFileReference; fileEncoding = 4; lastKnownFileType = text.xml; path = "Variant Report.csproj"; sourceTree = "<group>"; };
		53E20A331F1EC26400A7F9A3 /* Variant Report.sln */ = {isa = PBXFileReference; fileEncoding = 4; lastKnownFileType = text; path = "Variant Report.sln"; sourceTree = "<group>"; };
		53E20A341F1EC26400A7F9A3 /* VariantReportFrm.cs */ = {isa = PBXFileReference; fileEncoding = 4; lastKnownFileType = text; path = VariantReportFrm.cs; sourceTree = "<group>"; };
		53E20A351F1EC26400A7F9A3 /* VariantReportFrm.Designer.cs */ = {isa = PBXFileReference; fileEncoding = 4; lastKnownFileType = text; path = VariantReportFrm.Designer.cs; sourceTree = "<group>"; };
		53E20A361F1EC26400A7F9A3 /* VariantReportFrm.resx */ = {isa = PBXFileReference; fileEncoding = 4; lastKnownFileType = text.xml; path = VariantReportFrm.resx; sourceTree = "<group>"; };
/* End PBXFileReference section */

/* Begin PBXFrameworksBuildPhase section */
		5336F6E71F1EC0BC001D0F7A /* Frameworks */ = {
			isa = PBXFrameworksBuildPhase;
			buildActionMask = 2147483647;
			files = (
			);
			runOnlyForDeploymentPostprocessing = 0;
		};
		5336F6FA1F1EC0BD001D0F7A /* Frameworks */ = {
			isa = PBXFrameworksBuildPhase;
			buildActionMask = 2147483647;
			files = (
			);
			runOnlyForDeploymentPostprocessing = 0;
		};
		5336F7051F1EC0BD001D0F7A /* Frameworks */ = {
			isa = PBXFrameworksBuildPhase;
			buildActionMask = 2147483647;
			files = (
			);
			runOnlyForDeploymentPostprocessing = 0;
		};
/* End PBXFrameworksBuildPhase section */

/* Begin PBXGroup section */
		5336F6E11F1EC0BC001D0F7A = {
			isa = PBXGroup;
			children = (
				5336F6EC1F1EC0BC001D0F7A /* Variant-Report */,
				5336F7001F1EC0BD001D0F7A /* Variant-ReportTests */,
				5336F70B1F1EC0BD001D0F7A /* Variant-ReportUITests */,
				5336F6EB1F1EC0BC001D0F7A /* Products */,
			);
			sourceTree = "<group>";
		};
		5336F6EB1F1EC0BC001D0F7A /* Products */ = {
			isa = PBXGroup;
			children = (
				5336F6EA1F1EC0BC001D0F7A /* Variant-Report.app */,
				5336F6FD1F1EC0BD001D0F7A /* Variant-ReportTests.xctest */,
				5336F7081F1EC0BD001D0F7A /* Variant-ReportUITests.xctest */,
			);
			name = Products;
			sourceTree = "<group>";
		};
		5336F6EC1F1EC0BC001D0F7A /* Variant-Report */ = {
			isa = PBXGroup;
			children = (
				53E209ED1F1EC24C00A7F9A3 /* Original Files */,
				53E209EA1F1EC23400A7F9A3 /* Model */,
				53E209E91F1EC21500A7F9A3 /* View */,
				53E209E71F1EC1FA00A7F9A3 /* Controller */,
				53E209E81F1EC20800A7F9A3 /* Support */,
			);
			path = "Variant-Report";
			sourceTree = "<group>";
		};
		5336F7001F1EC0BD001D0F7A /* Variant-ReportTests */ = {
			isa = PBXGroup;
			children = (
				5336F7011F1EC0BD001D0F7A /* Variant_ReportTests.swift */,
				5336F7031F1EC0BD001D0F7A /* Info.plist */,
			);
			path = "Variant-ReportTests";
			sourceTree = "<group>";
		};
		5336F70B1F1EC0BD001D0F7A /* Variant-ReportUITests */ = {
			isa = PBXGroup;
			children = (
				5336F70C1F1EC0BD001D0F7A /* Variant_ReportUITests.swift */,
				5336F70E1F1EC0BD001D0F7A /* Info.plist */,
			);
			path = "Variant-ReportUITests";
			sourceTree = "<group>";
		};
		53E209E71F1EC1FA00A7F9A3 /* Controller */ = {
			isa = PBXGroup;
			children = (
				5336F6EF1F1EC0BC001D0F7A /* ViewController.swift */,
				5336F6F11F1EC0BC001D0F7A /* Document.swift */,
			);
			name = Controller;
			sourceTree = "<group>";
		};
		53E209E81F1EC20800A7F9A3 /* Support */ = {
			isa = PBXGroup;
			children = (
				5336F6ED1F1EC0BC001D0F7A /* AppDelegate.swift */,
				5336F6F31F1EC0BC001D0F7A /* Assets.xcassets */,
				5336F6F81F1EC0BC001D0F7A /* Info.plist */,
			);
			name = Support;
			sourceTree = "<group>";
		};
		53E209E91F1EC21500A7F9A3 /* View */ = {
			isa = PBXGroup;
			children = (
				5336F6F51F1EC0BC001D0F7A /* Main.storyboard */,
			);
			name = View;
			sourceTree = "<group>";
		};
		53E209EA1F1EC23400A7F9A3 /* Model */ = {
			isa = PBXGroup;
			children = (
				53E209EB1F1EC24700A7F9A3 /* VariantReportForm.swift */,
			);
			name = Model;
			sourceTree = "<group>";
		};
		53E209ED1F1EC24C00A7F9A3 /* Original Files */ = {
			isa = PBXGroup;
			children = (
				53E209EE1F1EC26400A7F9A3 /* zip2 */,
				53E20A291F1EC26400A7F9A3 /* app.conf */,
				53E20A2A1F1EC26400A7F9A3 /* dna.ico */,
				53E20A2B1F1EC26400A7F9A3 /* Program.cs */,
				53E20A2C1F1EC26400A7F9A3 /* Properties */,
				53E20A321F1EC26400A7F9A3 /* Variant Report.csproj */,
				53E20A331F1EC26400A7F9A3 /* Variant Report.sln */,
				53E20A341F1EC26400A7F9A3 /* VariantReportFrm.cs */,
				53E20A351F1EC26400A7F9A3 /* VariantReportFrm.Designer.cs */,
				53E20A361F1EC26400A7F9A3 /* VariantReportFrm.resx */,
			);
			name = "Original Files";
			sourceTree = "<group>";
		};
		53E209EE1F1EC26400A7F9A3 /* zip2 */ = {
			isa = PBXGroup;
			children = (
				53E209EF1F1EC26400A7F9A3 /* Checksums */,
				53E209F41F1EC26400A7F9A3 /* Core */,
				53E209FC1F1EC26400A7F9A3 /* GZip */,
				53E20A011F1EC26400A7F9A3 /* ICloneable.cs */,
				53E20A021F1EC26400A7F9A3 /* SharpZipBaseException.cs */,
				53E20A031F1EC26400A7F9A3 /* Tar */,
				53E20A0C1F1EC26400A7F9A3 /* Zip */,
			);
			path = zip2;
			sourceTree = "<group>";
		};
		53E209EF1F1EC26400A7F9A3 /* Checksums */ = {
			isa = PBXGroup;
			children = (
				53E209F01F1EC26400A7F9A3 /* Adler32.cs */,
				53E209F11F1EC26400A7F9A3 /* CRC32.cs */,
				53E209F21F1EC26400A7F9A3 /* IChecksum.cs */,
				53E209F31F1EC26400A7F9A3 /* StrangeCRC.cs */,
			);
			path = Checksums;
			sourceTree = "<group>";
		};
		53E209F41F1EC26400A7F9A3 /* Core */ = {
			isa = PBXGroup;
			children = (
				53E209F51F1EC26400A7F9A3 /* FileSystemScanner.cs */,
				53E209F61F1EC26400A7F9A3 /* INameTransform.cs */,
				53E209F71F1EC26400A7F9A3 /* IScanFilter.cs */,
				53E209F81F1EC26400A7F9A3 /* NameFilter.cs */,
				53E209F91F1EC26400A7F9A3 /* PathFilter.cs */,
				53E209FA1F1EC26400A7F9A3 /* StreamUtils.cs */,
				53E209FB1F1EC26400A7F9A3 /* WindowsPathUtils.cs */,
			);
			path = Core;
			sourceTree = "<group>";
		};
		53E209FC1F1EC26400A7F9A3 /* GZip */ = {
			isa = PBXGroup;
			children = (
				53E209FD1F1EC26400A7F9A3 /* GZIPConstants.cs */,
				53E209FE1F1EC26400A7F9A3 /* GZipException.cs */,
				53E209FF1F1EC26400A7F9A3 /* GzipInputStream.cs */,
				53E20A001F1EC26400A7F9A3 /* GzipOutputStream.cs */,
			);
			path = GZip;
			sourceTree = "<group>";
		};
		53E20A031F1EC26400A7F9A3 /* Tar */ = {
			isa = PBXGroup;
			children = (
				53E20A041F1EC26400A7F9A3 /* InvalidHeaderException.cs */,
				53E20A051F1EC26400A7F9A3 /* TarArchive.cs */,
				53E20A061F1EC26400A7F9A3 /* TarBuffer.cs */,
				53E20A071F1EC26400A7F9A3 /* TarEntry.cs */,
				53E20A081F1EC26400A7F9A3 /* TarException.cs */,
				53E20A091F1EC26400A7F9A3 /* TarHeader.cs */,
				53E20A0A1F1EC26400A7F9A3 /* TarInputStream.cs */,
				53E20A0B1F1EC26400A7F9A3 /* TarOutputStream.cs */,
			);
			path = Tar;
			sourceTree = "<group>";
		};
		53E20A0C1F1EC26400A7F9A3 /* Zip */ = {
			isa = PBXGroup;
			children = (
				53E20A0D1F1EC26400A7F9A3 /* Compression */,
				53E20A1C1F1EC26400A7F9A3 /* FastZip.cs */,
				53E20A1D1F1EC26400A7F9A3 /* IEntryFactory.cs */,
				53E20A1E1F1EC26400A7F9A3 /* WindowsNameTransform.cs */,
				53E20A1F1F1EC26400A7F9A3 /* ZipConstants.cs */,
				53E20A201F1EC26400A7F9A3 /* ZipEntry.cs */,
				53E20A211F1EC26400A7F9A3 /* ZipEntryFactory.cs */,
				53E20A221F1EC26400A7F9A3 /* ZipException.cs */,
				53E20A231F1EC26400A7F9A3 /* ZipExtraData.cs */,
				53E20A241F1EC26400A7F9A3 /* ZipFile.cs */,
				53E20A251F1EC26400A7F9A3 /* ZipHelperStream.cs */,
				53E20A261F1EC26400A7F9A3 /* ZipInputStream.cs */,
				53E20A271F1EC26400A7F9A3 /* ZipNameTransform.cs */,
				53E20A281F1EC26400A7F9A3 /* ZipOutputStream.cs */,
			);
			path = Zip;
			sourceTree = "<group>";
		};
		53E20A0D1F1EC26400A7F9A3 /* Compression */ = {
			isa = PBXGroup;
			children = (
				53E20A0E1F1EC26400A7F9A3 /* Deflater.cs */,
				53E20A0F1F1EC26400A7F9A3 /* DeflaterConstants.cs */,
				53E20A101F1EC26400A7F9A3 /* DeflaterEngine.cs */,
				53E20A111F1EC26400A7F9A3 /* DeflaterHuffman.cs */,
				53E20A121F1EC26400A7F9A3 /* DeflaterPending.cs */,
				53E20A131F1EC26400A7F9A3 /* Inflater.cs */,
				53E20A141F1EC26400A7F9A3 /* InflaterDynHeader.cs */,
				53E20A151F1EC26400A7F9A3 /* InflaterHuffmanTree.cs */,
				53E20A161F1EC26400A7F9A3 /* PendingBuffer.cs */,
				53E20A171F1EC26400A7F9A3 /* Streams */,
			);
			path = Compression;
			sourceTree = "<group>";
		};
		53E20A171F1EC26400A7F9A3 /* Streams */ = {
			isa = PBXGroup;
			children = (
				53E20A181F1EC26400A7F9A3 /* DeflaterOutputStream.cs */,
				53E20A191F1EC26400A7F9A3 /* InflaterInputStream.cs */,
				53E20A1A1F1EC26400A7F9A3 /* OutputWindow.cs */,
				53E20A1B1F1EC26400A7F9A3 /* StreamManipulator.cs */,
			);
			path = Streams;
			sourceTree = "<group>";
		};
		53E20A2C1F1EC26400A7F9A3 /* Properties */ = {
			isa = PBXGroup;
			children = (
				53E20A2D1F1EC26400A7F9A3 /* AssemblyInfo.cs */,
				53E20A2E1F1EC26400A7F9A3 /* Resources.Designer.cs */,
				53E20A2F1F1EC26400A7F9A3 /* Resources.resx */,
				53E20A301F1EC26400A7F9A3 /* Settings.Designer.cs */,
				53E20A311F1EC26400A7F9A3 /* Settings.settings */,
			);
			path = Properties;
			sourceTree = "<group>";
		};
/* End PBXGroup section */

/* Begin PBXNativeTarget section */
		5336F6E91F1EC0BC001D0F7A /* Variant-Report */ = {
			isa = PBXNativeTarget;
			buildConfigurationList = 5336F7111F1EC0BD001D0F7A /* Build configuration list for PBXNativeTarget "Variant-Report" */;
			buildPhases = (
				5336F6E61F1EC0BC001D0F7A /* Sources */,
				5336F6E71F1EC0BC001D0F7A /* Frameworks */,
				5336F6E81F1EC0BC001D0F7A /* Resources */,
			);
			buildRules = (
			);
			dependencies = (
			);
			name = "Variant-Report";
			productName = "Variant-Report";
			productReference = 5336F6EA1F1EC0BC001D0F7A /* Variant-Report.app */;
			productType = "com.apple.product-type.application";
		};
		5336F6FC1F1EC0BD001D0F7A /* Variant-ReportTests */ = {
			isa = PBXNativeTarget;
			buildConfigurationList = 5336F7141F1EC0BD001D0F7A /* Build configuration list for PBXNativeTarget "Variant-ReportTests" */;
			buildPhases = (
				5336F6F91F1EC0BD001D0F7A /* Sources */,
				5336F6FA1F1EC0BD001D0F7A /* Frameworks */,
				5336F6FB1F1EC0BD001D0F7A /* Resources */,
			);
			buildRules = (
			);
			dependencies = (
				5336F6FF1F1EC0BD001D0F7A /* PBXTargetDependency */,
			);
			name = "Variant-ReportTests";
			productName = "Variant-ReportTests";
			productReference = 5336F6FD1F1EC0BD001D0F7A /* Variant-ReportTests.xctest */;
			productType = "com.apple.product-type.bundle.unit-test";
		};
		5336F7071F1EC0BD001D0F7A /* Variant-ReportUITests */ = {
			isa = PBXNativeTarget;
			buildConfigurationList = 5336F7171F1EC0BD001D0F7A /* Build configuration list for PBXNativeTarget "Variant-ReportUITests" */;
			buildPhases = (
				5336F7041F1EC0BD001D0F7A /* Sources */,
				5336F7051F1EC0BD001D0F7A /* Frameworks */,
				5336F7061F1EC0BD001D0F7A /* Resources */,
			);
			buildRules = (
			);
			dependencies = (
				5336F70A1F1EC0BD001D0F7A /* PBXTargetDependency */,
			);
			name = "Variant-ReportUITests";
			productName = "Variant-ReportUITests";
			productReference = 5336F7081F1EC0BD001D0F7A /* Variant-ReportUITests.xctest */;
			productType = "com.apple.product-type.bundle.ui-testing";
		};
/* End PBXNativeTarget section */

/* Begin PBXProject section */
		5336F6E21F1EC0BC001D0F7A /* Project object */ = {
			isa = PBXProject;
			attributes = {
				LastSwiftUpdateCheck = 0830;
				LastUpgradeCheck = 0830;
				ORGANIZATIONNAME = "Quixotic Raindrop Software, LLC";
				TargetAttributes = {
					5336F6E91F1EC0BC001D0F7A = {
						CreatedOnToolsVersion = 8.3.3;
						DevelopmentTeam = QNC3KYC9VD;
						ProvisioningStyle = Automatic;
					};
					5336F6FC1F1EC0BD001D0F7A = {
						CreatedOnToolsVersion = 8.3.3;
						DevelopmentTeam = QNC3KYC9VD;
						ProvisioningStyle = Automatic;
						TestTargetID = 5336F6E91F1EC0BC001D0F7A;
					};
					5336F7071F1EC0BD001D0F7A = {
						CreatedOnToolsVersion = 8.3.3;
						DevelopmentTeam = QNC3KYC9VD;
						ProvisioningStyle = Automatic;
						TestTargetID = 5336F6E91F1EC0BC001D0F7A;
					};
				};
			};
			buildConfigurationList = 5336F6E51F1EC0BC001D0F7A /* Build configuration list for PBXProject "Variant-Report" */;
			compatibilityVersion = "Xcode 3.2";
			developmentRegion = English;
			hasScannedForEncodings = 0;
			knownRegions = (
				en,
				Base,
			);
			mainGroup = 5336F6E11F1EC0BC001D0F7A;
			productRefGroup = 5336F6EB1F1EC0BC001D0F7A /* Products */;
			projectDirPath = "";
			projectRoot = "";
			targets = (
				5336F6E91F1EC0BC001D0F7A /* Variant-Report */,
				5336F6FC1F1EC0BD001D0F7A /* Variant-ReportTests */,
				5336F7071F1EC0BD001D0F7A /* Variant-ReportUITests */,
			);
		};
/* End PBXProject section */

/* Begin PBXResourcesBuildPhase section */
		5336F6E81F1EC0BC001D0F7A /* Resources */ = {
			isa = PBXResourcesBuildPhase;
			buildActionMask = 2147483647;
			files = (
				53E20A5C1F1EC26400A7F9A3 /* StreamManipulator.cs in Resources */,
				53E20A391F1EC26400A7F9A3 /* IChecksum.cs in Resources */,
				53E20A5A1F1EC26400A7F9A3 /* InflaterInputStream.cs in Resources */,
				53E20A6A1F1EC26400A7F9A3 /* app.conf in Resources */,
				53E20A661F1EC26400A7F9A3 /* ZipHelperStream.cs in Resources */,
				53E20A6E1F1EC26400A7F9A3 /* Resources.Designer.cs in Resources */,
				53E20A601F1EC26400A7F9A3 /* ZipConstants.cs in Resources */,
				53E20A4C1F1EC26400A7F9A3 /* TarException.cs in Resources */,
				53E20A541F1EC26400A7F9A3 /* DeflaterPending.cs in Resources */,
				53E20A3A1F1EC26400A7F9A3 /* StrangeCRC.cs in Resources */,
				53E20A711F1EC26400A7F9A3 /* Settings.settings in Resources */,
				5336F6F41F1EC0BC001D0F7A /* Assets.xcassets in Resources */,
				53E20A521F1EC26400A7F9A3 /* DeflaterEngine.cs in Resources */,
				53E20A741F1EC26400A7F9A3 /* VariantReportFrm.cs in Resources */,
				53E20A4E1F1EC26400A7F9A3 /* TarInputStream.cs in Resources */,
				53E20A4D1F1EC26400A7F9A3 /* TarHeader.cs in Resources */,
				53E20A551F1EC26400A7F9A3 /* Inflater.cs in Resources */,
				53E20A6D1F1EC26400A7F9A3 /* AssemblyInfo.cs in Resources */,
				53E20A6C1F1EC26400A7F9A3 /* Program.cs in Resources */,
				53E20A4A1F1EC26400A7F9A3 /* TarBuffer.cs in Resources */,
				53E20A3C1F1EC26400A7F9A3 /* INameTransform.cs in Resources */,
				53E20A3E1F1EC26400A7F9A3 /* NameFilter.cs in Resources */,
				53E20A491F1EC26400A7F9A3 /* TarArchive.cs in Resources */,
				53E20A631F1EC26400A7F9A3 /* ZipException.cs in Resources */,
				53E20A5D1F1EC26400A7F9A3 /* FastZip.cs in Resources */,
				53E20A681F1EC26400A7F9A3 /* ZipNameTransform.cs in Resources */,
				53E20A691F1EC26400A7F9A3 /* ZipOutputStream.cs in Resources */,
				53E20A591F1EC26400A7F9A3 /* DeflaterOutputStream.cs in Resources */,
				53E20A3F1F1EC26400A7F9A3 /* PathFilter.cs in Resources */,
				53E20A751F1EC26400A7F9A3 /* VariantReportFrm.Designer.cs in Resources */,
				53E20A431F1EC26400A7F9A3 /* GZipException.cs in Resources */,
				53E20A4B1F1EC26400A7F9A3 /* TarEntry.cs in Resources */,
				53E20A6B1F1EC26400A7F9A3 /* dna.ico in Resources */,
				53E20A651F1EC26400A7F9A3 /* ZipFile.cs in Resources */,
				53E20A5B1F1EC26400A7F9A3 /* OutputWindow.cs in Resources */,
				53E20A461F1EC26400A7F9A3 /* ICloneable.cs in Resources */,
				53E20A611F1EC26400A7F9A3 /* ZipEntry.cs in Resources */,
				53E20A481F1EC26400A7F9A3 /* InvalidHeaderException.cs in Resources */,
				53E20A511F1EC26400A7F9A3 /* DeflaterConstants.cs in Resources */,
				53E20A761F1EC26400A7F9A3 /* VariantReportFrm.resx in Resources */,
				53E20A581F1EC26400A7F9A3 /* PendingBuffer.cs in Resources */,
				53E20A381F1EC26400A7F9A3 /* CRC32.cs in Resources */,
				5336F6F71F1EC0BC001D0F7A /* Main.storyboard in Resources */,
				53E20A5E1F1EC26400A7F9A3 /* IEntryFactory.cs in Resources */,
				53E20A701F1EC26400A7F9A3 /* Settings.Designer.cs in Resources */,
				53E20A371F1EC26400A7F9A3 /* Adler32.cs in Resources */,
				53E20A501F1EC26400A7F9A3 /* Deflater.cs in Resources */,
				53E20A731F1EC26400A7F9A3 /* Variant Report.sln in Resources */,
				53E20A571F1EC26400A7F9A3 /* InflaterHuffmanTree.cs in Resources */,
				53E20A421F1EC26400A7F9A3 /* GZIPConstants.cs in Resources */,
				53E20A471F1EC26400A7F9A3 /* SharpZipBaseException.cs in Resources */,
				53E20A721F1EC26400A7F9A3 /* Variant Report.csproj in Resources */,
				53E20A641F1EC26400A7F9A3 /* ZipExtraData.cs in Resources */,
				53E20A451F1EC26400A7F9A3 /* GzipOutputStream.cs in Resources */,
				53E20A3B1F1EC26400A7F9A3 /* FileSystemScanner.cs in Resources */,
				53E20A441F1EC26400A7F9A3 /* GzipInputStream.cs in Resources */,
				53E20A531F1EC26400A7F9A3 /* DeflaterHuffman.cs in Resources */,
				53E20A561F1EC26400A7F9A3 /* InflaterDynHeader.cs in Resources */,
				53E20A6F1F1EC26400A7F9A3 /* Resources.resx in Resources */,
				53E20A411F1EC26400A7F9A3 /* WindowsPathUtils.cs in Resources */,
				53E20A621F1EC26400A7F9A3 /* ZipEntryFactory.cs in Resources */,
				53E20A5F1F1EC26400A7F9A3 /* WindowsNameTransform.cs in Resources */,
				53E20A671F1EC26400A7F9A3 /* ZipInputStream.cs in Resources */,
				53E20A3D1F1EC26400A7F9A3 /* IScanFilter.cs in Resources */,
				53E20A401F1EC26400A7F9A3 /* StreamUtils.cs in Resources */,
				53E20A4F1F1EC26400A7F9A3 /* TarOutputStream.cs in Resources */,
			);
			runOnlyForDeploymentPostprocessing = 0;
		};
		5336F6FB1F1EC0BD001D0F7A /* Resources */ = {
			isa = PBXResourcesBuildPhase;
			buildActionMask = 2147483647;
			files = (
			);
			runOnlyForDeploymentPostprocessing = 0;
		};
		5336F7061F1EC0BD001D0F7A /* Resources */ = {
			isa = PBXResourcesBuildPhase;
			buildActionMask = 2147483647;
			files = (
			);
			runOnlyForDeploymentPostprocessing = 0;
		};
/* End PBXResourcesBuildPhase section */

/* Begin PBXSourcesBuildPhase section */
		5336F6E61F1EC0BC001D0F7A /* Sources */ = {
			isa = PBXSourcesBuildPhase;
			buildActionMask = 2147483647;
			files = (
				5336F6F01F1EC0BC001D0F7A /* ViewController.swift in Sources */,
				5336F6EE1F1EC0BC001D0F7A /* AppDelegate.swift in Sources */,
				5336F6F21F1EC0BC001D0F7A /* Document.swift in Sources */,
				53E209EC1F1EC24700A7F9A3 /* VariantReportForm.swift in Sources */,
			);
			runOnlyForDeploymentPostprocessing = 0;
		};
		5336F6F91F1EC0BD001D0F7A /* Sources */ = {
			isa = PBXSourcesBuildPhase;
			buildActionMask = 2147483647;
			files = (
				5336F7021F1EC0BD001D0F7A /* Variant_ReportTests.swift in Sources */,
			);
			runOnlyForDeploymentPostprocessing = 0;
		};
		5336F7041F1EC0BD001D0F7A /* Sources */ = {
			isa = PBXSourcesBuildPhase;
			buildActionMask = 2147483647;
			files = (
				5336F70D1F1EC0BD001D0F7A /* Variant_ReportUITests.swift in Sources */,
			);
			runOnlyForDeploymentPostprocessing = 0;
		};
/* End PBXSourcesBuildPhase section */

/* Begin PBXTargetDependency section */
		5336F6FF1F1EC0BD001D0F7A /* PBXTargetDependency */ = {
			isa = PBXTargetDependency;
			target = 5336F6E91F1EC0BC001D0F7A /* Variant-Report */;
			targetProxy = 5336F6FE1F1EC0BD001D0F7A /* PBXContainerItemProxy */;
		};
		5336F70A1F1EC0BD001D0F7A /* PBXTargetDependency */ = {
			isa = PBXTargetDependency;
			target = 5336F6E91F1EC0BC001D0F7A /* Variant-Report */;
			targetProxy = 5336F7091F1EC0BD001D0F7A /* PBXContainerItemProxy */;
		};
/* End PBXTargetDependency section */

/* Begin PBXVariantGroup section */
		5336F6F51F1EC0BC001D0F7A /* Main.storyboard */ = {
			isa = PBXVariantGroup;
			children = (
				5336F6F61F1EC0BC001D0F7A /* Base */,
			);
			name = Main.storyboard;
			sourceTree = "<group>";
		};
/* End PBXVariantGroup section */

/* Begin XCBuildConfiguration section */
		5336F70F1F1EC0BD001D0F7A /* Debug */ = {
			isa = XCBuildConfiguration;
			buildSettings = {
				ALWAYS_SEARCH_USER_PATHS = NO;
				CLANG_ANALYZER_NONNULL = YES;
				CLANG_ANALYZER_NUMBER_OBJECT_CONVERSION = YES_AGGRESSIVE;
				CLANG_CXX_LANGUAGE_STANDARD = "gnu++0x";
				CLANG_CXX_LIBRARY = "libc++";
				CLANG_ENABLE_MODULES = YES;
				CLANG_ENABLE_OBJC_ARC = YES;
				CLANG_WARN_BOOL_CONVERSION = YES;
				CLANG_WARN_CONSTANT_CONVERSION = YES;
				CLANG_WARN_DIRECT_OBJC_ISA_USAGE = YES_ERROR;
				CLANG_WARN_DOCUMENTATION_COMMENTS = YES;
				CLANG_WARN_EMPTY_BODY = YES;
				CLANG_WARN_ENUM_CONVERSION = YES;
				CLANG_WARN_INFINITE_RECURSION = YES;
				CLANG_WARN_INT_CONVERSION = YES;
				CLANG_WARN_OBJC_ROOT_CLASS = YES_ERROR;
				CLANG_WARN_SUSPICIOUS_MOVE = YES;
				CLANG_WARN_UNREACHABLE_CODE = YES;
				CLANG_WARN__DUPLICATE_METHOD_MATCH = YES;
				CODE_SIGN_IDENTITY = "-";
				COPY_PHASE_STRIP = NO;
				DEBUG_INFORMATION_FORMAT = dwarf;
				ENABLE_STRICT_OBJC_MSGSEND = YES;
				ENABLE_TESTABILITY = YES;
				GCC_C_LANGUAGE_STANDARD = gnu99;
				GCC_DYNAMIC_NO_PIC = NO;
				GCC_NO_COMMON_BLOCKS = YES;
				GCC_OPTIMIZATION_LEVEL = 0;
				GCC_PREPROCESSOR_DEFINITIONS = (
					"DEBUG=1",
					"$(inherited)",
				);
				GCC_WARN_64_TO_32_BIT_CONVERSION = YES;
				GCC_WARN_ABOUT_RETURN_TYPE = YES_ERROR;
				GCC_WARN_UNDECLARED_SELECTOR = YES;
				GCC_WARN_UNINITIALIZED_AUTOS = YES_AGGRESSIVE;
				GCC_WARN_UNUSED_FUNCTION = YES;
				GCC_WARN_UNUSED_VARIABLE = YES;
				MACOSX_DEPLOYMENT_TARGET = 10.12;
				MTL_ENABLE_DEBUG_INFO = YES;
				ONLY_ACTIVE_ARCH = YES;
				SDKROOT = macosx;
				SWIFT_ACTIVE_COMPILATION_CONDITIONS = DEBUG;
				SWIFT_OPTIMIZATION_LEVEL = "-Onone";
			};
			name = Debug;
		};
		5336F7101F1EC0BD001D0F7A /* Release */ = {
			isa = XCBuildConfiguration;
			buildSettings = {
				ALWAYS_SEARCH_USER_PATHS = NO;
				CLANG_ANALYZER_NONNULL = YES;
				CLANG_ANALYZER_NUMBER_OBJECT_CONVERSION = YES_AGGRESSIVE;
				CLANG_CXX_LANGUAGE_STANDARD = "gnu++0x";
				CLANG_CXX_LIBRARY = "libc++";
				CLANG_ENABLE_MODULES = YES;
				CLANG_ENABLE_OBJC_ARC = YES;
				CLANG_WARN_BOOL_CONVERSION = YES;
				CLANG_WARN_CONSTANT_CONVERSION = YES;
				CLANG_WARN_DIRECT_OBJC_ISA_USAGE = YES_ERROR;
				CLANG_WARN_DOCUMENTATION_COMMENTS = YES;
				CLANG_WARN_EMPTY_BODY = YES;
				CLANG_WARN_ENUM_CONVERSION = YES;
				CLANG_WARN_INFINITE_RECURSION = YES;
				CLANG_WARN_INT_CONVERSION = YES;
				CLANG_WARN_OBJC_ROOT_CLASS = YES_ERROR;
				CLANG_WARN_SUSPICIOUS_MOVE = YES;
				CLANG_WARN_UNREACHABLE_CODE = YES;
				CLANG_WARN__DUPLICATE_METHOD_MATCH = YES;
				CODE_SIGN_IDENTITY = "-";
				COPY_PHASE_STRIP = NO;
				DEBUG_INFORMATION_FORMAT = "dwarf-with-dsym";
				ENABLE_NS_ASSERTIONS = NO;
				ENABLE_STRICT_OBJC_MSGSEND = YES;
				GCC_C_LANGUAGE_STANDARD = gnu99;
				GCC_NO_COMMON_BLOCKS = YES;
				GCC_WARN_64_TO_32_BIT_CONVERSION = YES;
				GCC_WARN_ABOUT_RETURN_TYPE = YES_ERROR;
				GCC_WARN_UNDECLARED_SELECTOR = YES;
				GCC_WARN_UNINITIALIZED_AUTOS = YES_AGGRESSIVE;
				GCC_WARN_UNUSED_FUNCTION = YES;
				GCC_WARN_UNUSED_VARIABLE = YES;
				MACOSX_DEPLOYMENT_TARGET = 10.12;
				MTL_ENABLE_DEBUG_INFO = NO;
				SDKROOT = macosx;
				SWIFT_OPTIMIZATION_LEVEL = "-Owholemodule";
			};
			name = Release;
		};
		5336F7121F1EC0BD001D0F7A /* Debug */ = {
			isa = XCBuildConfiguration;
			buildSettings = {
				ASSETCATALOG_COMPILER_APPICON_NAME = AppIcon;
				COMBINE_HIDPI_IMAGES = YES;
				DEVELOPMENT_TEAM = QNC3KYC9VD;
				INFOPLIST_FILE = "Variant-Report/Info.plist";
				LD_RUNPATH_SEARCH_PATHS = "$(inherited) @executable_path/../Frameworks";
				PRODUCT_BUNDLE_IDENTIFIER = "com.quixoticraindrop.software.Variant-Report";
				PRODUCT_NAME = "$(TARGET_NAME)";
				SWIFT_VERSION = 3.0;
			};
			name = Debug;
		};
		5336F7131F1EC0BD001D0F7A /* Release */ = {
			isa = XCBuildConfiguration;
			buildSettings = {
				ASSETCATALOG_COMPILER_APPICON_NAME = AppIcon;
				COMBINE_HIDPI_IMAGES = YES;
				DEVELOPMENT_TEAM = QNC3KYC9VD;
				INFOPLIST_FILE = "Variant-Report/Info.plist";
				LD_RUNPATH_SEARCH_PATHS = "$(inherited) @executable_path/../Frameworks";
				PRODUCT_BUNDLE_IDENTIFIER = "com.quixoticraindrop.software.Variant-Report";
				PRODUCT_NAME = "$(TARGET_NAME)";
				SWIFT_VERSION = 3.0;
			};
			name = Release;
		};
		5336F7151F1EC0BD001D0F7A /* Debug */ = {
			isa = XCBuildConfiguration;
			buildSettings = {
				ALWAYS_EMBED_SWIFT_STANDARD_LIBRARIES = YES;
				BUNDLE_LOADER = "$(TEST_HOST)";
				COMBINE_HIDPI_IMAGES = YES;
				DEVELOPMENT_TEAM = QNC3KYC9VD;
				INFOPLIST_FILE = "Variant-ReportTests/Info.plist";
				LD_RUNPATH_SEARCH_PATHS = "$(inherited) @executable_path/../Frameworks @loader_path/../Frameworks";
				PRODUCT_BUNDLE_IDENTIFIER = "com.quixoticraindrop.software.Variant-ReportTests";
				PRODUCT_NAME = "$(TARGET_NAME)";
				SWIFT_VERSION = 3.0;
				TEST_HOST = "$(BUILT_PRODUCTS_DIR)/Variant-Report.app/Contents/MacOS/Variant-Report";
			};
			name = Debug;
		};
		5336F7161F1EC0BD001D0F7A /* Release */ = {
			isa = XCBuildConfiguration;
			buildSettings = {
				ALWAYS_EMBED_SWIFT_STANDARD_LIBRARIES = YES;
				BUNDLE_LOADER = "$(TEST_HOST)";
				COMBINE_HIDPI_IMAGES = YES;
				DEVELOPMENT_TEAM = QNC3KYC9VD;
				INFOPLIST_FILE = "Variant-ReportTests/Info.plist";
				LD_RUNPATH_SEARCH_PATHS = "$(inherited) @executable_path/../Frameworks @loader_path/../Frameworks";
				PRODUCT_BUNDLE_IDENTIFIER = "com.quixoticraindrop.software.Variant-ReportTests";
				PRODUCT_NAME = "$(TARGET_NAME)";
				SWIFT_VERSION = 3.0;
				TEST_HOST = "$(BUILT_PRODUCTS_DIR)/Variant-Report.app/Contents/MacOS/Variant-Report";
			};
			name = Release;
		};
		5336F7181F1EC0BD001D0F7A /* Debug */ = {
			isa = XCBuildConfiguration;
			buildSettings = {
				ALWAYS_EMBED_SWIFT_STANDARD_LIBRARIES = YES;
				COMBINE_HIDPI_IMAGES = YES;
				DEVELOPMENT_TEAM = QNC3KYC9VD;
				INFOPLIST_FILE = "Variant-ReportUITests/Info.plist";
				LD_RUNPATH_SEARCH_PATHS = "$(inherited) @executable_path/../Frameworks @loader_path/../Frameworks";
				PRODUCT_BUNDLE_IDENTIFIER = "com.quixoticraindrop.software.Variant-ReportUITests";
				PRODUCT_NAME = "$(TARGET_NAME)";
				SWIFT_VERSION = 3.0;
				TEST_TARGET_NAME = "Variant-Report";
			};
			name = Debug;
		};
		5336F7191F1EC0BD001D0F7A /* Release */ = {
			isa = XCBuildConfiguration;
			buildSettings = {
				ALWAYS_EMBED_SWIFT_STANDARD_LIBRARIES = YES;
				COMBINE_HIDPI_IMAGES = YES;
				DEVELOPMENT_TEAM = QNC3KYC9VD;
				INFOPLIST_FILE = "Variant-ReportUITests/Info.plist";
				LD_RUNPATH_SEARCH_PATHS = "$(inherited) @executable_path/../Frameworks @loader_path/../Frameworks";
				PRODUCT_BUNDLE_IDENTIFIER = "com.quixoticraindrop.software.Variant-ReportUITests";
				PRODUCT_NAME = "$(TARGET_NAME)";
				SWIFT_VERSION = 3.0;
				TEST_TARGET_NAME = "Variant-Report";
			};
			name = Release;
		};
/* End XCBuildConfiguration section */

/* Begin XCConfigurationList section */
		5336F6E51F1EC0BC001D0F7A /* Build configuration list for PBXProject "Variant-Report" */ = {
			isa = XCConfigurationList;
			buildConfigurations = (
				5336F70F1F1EC0BD001D0F7A /* Debug */,
				5336F7101F1EC0BD001D0F7A /* Release */,
			);
			defaultConfigurationIsVisible = 0;
			defaultConfigurationName = Release;
		};
		5336F7111F1EC0BD001D0F7A /* Build configuration list for PBXNativeTarget "Variant-Report" */ = {
			isa = XCConfigurationList;
			buildConfigurations = (
				5336F7121F1EC0BD001D0F7A /* Debug */,
				5336F7131F1EC0BD001D0F7A /* Release */,
			);
			defaultConfigurationIsVisible = 0;
			defaultConfigurationName = Release;
		};
		5336F7141F1EC0BD001D0F7A /* Build configuration list for PBXNativeTarget "Variant-ReportTests" */ = {
			isa = XCConfigurationList;
			buildConfigurations = (
				5336F7151F1EC0BD001D0F7A /* Debug */,
				5336F7161F1EC0BD001D0F7A /* Release */,
			);
			defaultConfigurationIsVisible = 0;
			defaultConfigurationName = Release;
		};
		5336F7171F1EC0BD001D0F7A /* Build configuration list for PBXNativeTarget "Variant-ReportUITests" */ = {
			isa = XCConfigurationList;
			buildConfigurations = (
				5336F7181F1EC0BD001D0F7A /* Debug */,
				5336F7191F1EC0BD001D0F7A /* Release */,
			);
			defaultConfigurationIsVisible = 0;
			defaultConfigurationName = Release;
		};
/* End XCConfigurationList section */
	};
	rootObject = 5336F6E21F1EC0BC001D0F7A /* Project object */;
}
